// !$*UTF8*$!
{
	archiveVersion = 1;
	classes = {
	};
	objectVersion = 56;
	objects = {

/* Begin PBXBuildFile section */
		DF30D2D329D204430084CA66 /* AppDelegate.swift in Sources */ = {isa = PBXBuildFile; fileRef = DF30D2D229D204430084CA66 /* AppDelegate.swift */; };
		DF30D2D529D204430084CA66 /* SceneDelegate.swift in Sources */ = {isa = PBXBuildFile; fileRef = DF30D2D429D204430084CA66 /* SceneDelegate.swift */; };
		DF30D2D729D204430084CA66 /* ViewController.swift in Sources */ = {isa = PBXBuildFile; fileRef = DF30D2D629D204430084CA66 /* ViewController.swift */; };
		DF30D2DA29D204430084CA66 /* Main.storyboard in Resources */ = {isa = PBXBuildFile; fileRef = DF30D2D829D204430084CA66 /* Main.storyboard */; };
		DF30D2DD29D204430084CA66 /* Table.xcdatamodeld in Sources */ = {isa = PBXBuildFile; fileRef = DF30D2DB29D204430084CA66 /* Table.xcdatamodeld */; };
		DF30D2DF29D204450084CA66 /* Assets.xcassets in Resources */ = {isa = PBXBuildFile; fileRef = DF30D2DE29D204450084CA66 /* Assets.xcassets */; };
		DF30D2E229D204450084CA66 /* LaunchScreen.storyboard in Resources */ = {isa = PBXBuildFile; fileRef = DF30D2E029D204450084CA66 /* LaunchScreen.storyboard */; };
		DF30D2ED29D204450084CA66 /* TableTests.swift in Sources */ = {isa = PBXBuildFile; fileRef = DF30D2EC29D204450084CA66 /* TableTests.swift */; };
		DF30D2F729D204450084CA66 /* TableUITests.swift in Sources */ = {isa = PBXBuildFile; fileRef = DF30D2F629D204450084CA66 /* TableUITests.swift */; };
		DF30D2F929D204450084CA66 /* TableUITestsLaunchTests.swift in Sources */ = {isa = PBXBuildFile; fileRef = DF30D2F829D204450084CA66 /* TableUITestsLaunchTests.swift */; };
/* End PBXBuildFile section */

/* Begin PBXContainerItemProxy section */
		DF30D2E929D204450084CA66 /* PBXContainerItemProxy */ = {
			isa = PBXContainerItemProxy;
			containerPortal = DF30D2C729D204430084CA66 /* Project object */;
			proxyType = 1;
			remoteGlobalIDString = DF30D2CE29D204430084CA66;
			remoteInfo = Table;
		};
		DF30D2F329D204450084CA66 /* PBXContainerItemProxy */ = {
			isa = PBXContainerItemProxy;
			containerPortal = DF30D2C729D204430084CA66 /* Project object */;
			proxyType = 1;
			remoteGlobalIDString = DF30D2CE29D204430084CA66;
			remoteInfo = Table;
		};
/* End PBXContainerItemProxy section */

/* Begin PBXFileReference section */
		DF30D2CF29D204430084CA66 /* Table.app */ = {isa = PBXFileReference; explicitFileType = wrapper.application; includeInIndex = 0; path = Table.app; sourceTree = BUILT_PRODUCTS_DIR; };
		DF30D2D229D204430084CA66 /* AppDelegate.swift */ = {isa = PBXFileReference; lastKnownFileType = sourcecode.swift; path = AppDelegate.swift; sourceTree = "<group>"; };
		DF30D2D429D204430084CA66 /* SceneDelegate.swift */ = {isa = PBXFileReference; lastKnownFileType = sourcecode.swift; path = SceneDelegate.swift; sourceTree = "<group>"; };
		DF30D2D629D204430084CA66 /* ViewController.swift */ = {isa = PBXFileReference; lastKnownFileType = sourcecode.swift; path = ViewController.swift; sourceTree = "<group>"; };
		DF30D2D929D204430084CA66 /* Base */ = {isa = PBXFileReference; lastKnownFileType = file.storyboard; name = Base; path = Base.lproj/Main.storyboard; sourceTree = "<group>"; };
		DF30D2DC29D204430084CA66 /* Table.xcdatamodel */ = {isa = PBXFileReference; lastKnownFileType = wrapper.xcdatamodel; path = Table.xcdatamodel; sourceTree = "<group>"; };
		DF30D2DE29D204450084CA66 /* Assets.xcassets */ = {isa = PBXFileReference; lastKnownFileType = folder.assetcatalog; path = Assets.xcassets; sourceTree = "<group>"; };
		DF30D2E129D204450084CA66 /* Base */ = {isa = PBXFileReference; lastKnownFileType = file.storyboard; name = Base; path = Base.lproj/LaunchScreen.storyboard; sourceTree = "<group>"; };
		DF30D2E329D204450084CA66 /* Info.plist */ = {isa = PBXFileReference; lastKnownFileType = text.plist.xml; path = Info.plist; sourceTree = "<group>"; };
		DF30D2E829D204450084CA66 /* TableTests.xctest */ = {isa = PBXFileReference; explicitFileType = wrapper.cfbundle; includeInIndex = 0; path = TableTests.xctest; sourceTree = BUILT_PRODUCTS_DIR; };
		DF30D2EC29D204450084CA66 /* TableTests.swift */ = {isa = PBXFileReference; lastKnownFileType = sourcecode.swift; path = TableTests.swift; sourceTree = "<group>"; };
		DF30D2F229D204450084CA66 /* TableUITests.xctest */ = {isa = PBXFileReference; explicitFileType = wrapper.cfbundle; includeInIndex = 0; path = TableUITests.xctest; sourceTree = BUILT_PRODUCTS_DIR; };
		DF30D2F629D204450084CA66 /* TableUITests.swift */ = {isa = PBXFileReference; lastKnownFileType = sourcecode.swift; path = TableUITests.swift; sourceTree = "<group>"; };
		DF30D2F829D204450084CA66 /* TableUITestsLaunchTests.swift */ = {isa = PBXFileReference; lastKnownFileType = sourcecode.swift; path = TableUITestsLaunchTests.swift; sourceTree = "<group>"; };
/* End PBXFileReference section */

/* Begin PBXFrameworksBuildPhase section */
		DF30D2CC29D204430084CA66 /* Frameworks */ = {
			isa = PBXFrameworksBuildPhase;
			buildActionMask = 2147483647;
			files = (
			);
			runOnlyForDeploymentPostprocessing = 0;
		};
		DF30D2E529D204450084CA66 /* Frameworks */ = {
			isa = PBXFrameworksBuildPhase;
			buildActionMask = 2147483647;
			files = (
			);
			runOnlyForDeploymentPostprocessing = 0;
		};
		DF30D2EF29D204450084CA66 /* Frameworks */ = {
			isa = PBXFrameworksBuildPhase;
			buildActionMask = 2147483647;
			files = (
			);
			runOnlyForDeploymentPostprocessing = 0;
		};
/* End PBXFrameworksBuildPhase section */

/* Begin PBXGroup section */
		DF30D2C629D204430084CA66 = {
			isa = PBXGroup;
			children = (
				DF30D2D129D204430084CA66 /* Table */,
				DF30D2EB29D204450084CA66 /* TableTests */,
				DF30D2F529D204450084CA66 /* TableUITests */,
				DF30D2D029D204430084CA66 /* Products */,
			);
			sourceTree = "<group>";
		};
		DF30D2D029D204430084CA66 /* Products */ = {
			isa = PBXGroup;
			children = (
				DF30D2CF29D204430084CA66 /* Table.app */,
				DF30D2E829D204450084CA66 /* TableTests.xctest */,
				DF30D2F229D204450084CA66 /* TableUITests.xctest */,
			);
			name = Products;
			sourceTree = "<group>";
		};
		DF30D2D129D204430084CA66 /* Table */ = {
			isa = PBXGroup;
			children = (
				DF30D2D429D204430084CA66 /* SceneDelegate.swift */,
				DF30D2D229D204430084CA66 /* AppDelegate.swift */,
				DF30D2D629D204430084CA66 /* ViewController.swift */,
				DF30D2D829D204430084CA66 /* Main.storyboard */,
				DF30D2DE29D204450084CA66 /* Assets.xcassets */,
				DF30D2E029D204450084CA66 /* LaunchScreen.storyboard */,
				DF30D2E329D204450084CA66 /* Info.plist */,
				DF30D2DB29D204430084CA66 /* Table.xcdatamodeld */,
			);
			path = Table;
			sourceTree = "<group>";
		};
		DF30D2EB29D204450084CA66 /* TableTests */ = {
			isa = PBXGroup;
			children = (
				DF30D2EC29D204450084CA66 /* TableTests.swift */,
			);
			path = TableTests;
			sourceTree = "<group>";
		};
		DF30D2F529D204450084CA66 /* TableUITests */ = {
			isa = PBXGroup;
			children = (
				DF30D2F629D204450084CA66 /* TableUITests.swift */,
				DF30D2F829D204450084CA66 /* TableUITestsLaunchTests.swift */,
			);
			path = TableUITests;
			sourceTree = "<group>";
		};
/* End PBXGroup section */

/* Begin PBXNativeTarget section */
		DF30D2CE29D204430084CA66 /* Table */ = {
			isa = PBXNativeTarget;
			buildConfigurationList = DF30D2FC29D204450084CA66 /* Build configuration list for PBXNativeTarget "Table" */;
			buildPhases = (
				DF30D2CB29D204430084CA66 /* Sources */,
				DF30D2CC29D204430084CA66 /* Frameworks */,
				DF30D2CD29D204430084CA66 /* Resources */,
			);
			buildRules = (
			);
			dependencies = (
			);
			name = Table;
			productName = Table;
			productReference = DF30D2CF29D204430084CA66 /* Table.app */;
			productType = "com.apple.product-type.application";
		};
		DF30D2E729D204450084CA66 /* TableTests */ = {
			isa = PBXNativeTarget;
			buildConfigurationList = DF30D2FF29D204450084CA66 /* Build configuration list for PBXNativeTarget "TableTests" */;
			buildPhases = (
				DF30D2E429D204450084CA66 /* Sources */,
				DF30D2E529D204450084CA66 /* Frameworks */,
				DF30D2E629D204450084CA66 /* Resources */,
			);
			buildRules = (
			);
			dependencies = (
				DF30D2EA29D204450084CA66 /* PBXTargetDependency */,
			);
			name = TableTests;
			productName = TableTests;
			productReference = DF30D2E829D204450084CA66 /* TableTests.xctest */;
			productType = "com.apple.product-type.bundle.unit-test";
		};
		DF30D2F129D204450084CA66 /* TableUITests */ = {
			isa = PBXNativeTarget;
			buildConfigurationList = DF30D30229D204450084CA66 /* Build configuration list for PBXNativeTarget "TableUITests" */;
			buildPhases = (
				DF30D2EE29D204450084CA66 /* Sources */,
				DF30D2EF29D204450084CA66 /* Frameworks */,
				DF30D2F029D204450084CA66 /* Resources */,
			);
			buildRules = (
			);
			dependencies = (
				DF30D2F429D204450084CA66 /* PBXTargetDependency */,
			);
			name = TableUITests;
			productName = TableUITests;
			productReference = DF30D2F229D204450084CA66 /* TableUITests.xctest */;
			productType = "com.apple.product-type.bundle.ui-testing";
		};
/* End PBXNativeTarget section */

/* Begin PBXProject section */
		DF30D2C729D204430084CA66 /* Project object */ = {
			isa = PBXProject;
			attributes = {
				BuildIndependentTargetsInParallel = 1;
				LastSwiftUpdateCheck = 1420;
				LastUpgradeCheck = 1420;
				TargetAttributes = {
					DF30D2CE29D204430084CA66 = {
						CreatedOnToolsVersion = 14.2;
					};
					DF30D2E729D204450084CA66 = {
						CreatedOnToolsVersion = 14.2;
						TestTargetID = DF30D2CE29D204430084CA66;
					};
					DF30D2F129D204450084CA66 = {
						CreatedOnToolsVersion = 14.2;
						TestTargetID = DF30D2CE29D204430084CA66;
					};
				};
			};
			buildConfigurationList = DF30D2CA29D204430084CA66 /* Build configuration list for PBXProject "Table" */;
			compatibilityVersion = "Xcode 14.0";
			developmentRegion = en;
			hasScannedForEncodings = 0;
			knownRegions = (
				en,
				Base,
			);
			mainGroup = DF30D2C629D204430084CA66;
			productRefGroup = DF30D2D029D204430084CA66 /* Products */;
			projectDirPath = "";
			projectRoot = "";
			targets = (
				DF30D2CE29D204430084CA66 /* Table */,
				DF30D2E729D204450084CA66 /* TableTests */,
				DF30D2F129D204450084CA66 /* TableUITests */,
			);
		};
/* End PBXProject section */

/* Begin PBXResourcesBuildPhase section */
		DF30D2CD29D204430084CA66 /* Resources */ = {
			isa = PBXResourcesBuildPhase;
			buildActionMask = 2147483647;
			files = (
				DF30D2E229D204450084CA66 /* LaunchScreen.storyboard in Resources */,
				DF30D2DF29D204450084CA66 /* Assets.xcassets in Resources */,
				DF30D2DA29D204430084CA66 /* Main.storyboard in Resources */,
			);
			runOnlyForDeploymentPostprocessing = 0;
		};
		DF30D2E629D204450084CA66 /* Resources */ = {
			isa = PBXResourcesBuildPhase;
			buildActionMask = 2147483647;
			files = (
			);
			runOnlyForDeploymentPostprocessing = 0;
		};
		DF30D2F029D204450084CA66 /* Resources */ = {
			isa = PBXResourcesBuildPhase;
			buildActionMask = 2147483647;
			files = (
			);
			runOnlyForDeploymentPostprocessing = 0;
		};
/* End PBXResourcesBuildPhase section */

/* Begin PBXSourcesBuildPhase section */
		DF30D2CB29D204430084CA66 /* Sources */ = {
			isa = PBXSourcesBuildPhase;
			buildActionMask = 2147483647;
			files = (
				DF30D2D729D204430084CA66 /* ViewController.swift in Sources */,
				DF30D2D329D204430084CA66 /* AppDelegate.swift in Sources */,
				DF30D2DD29D204430084CA66 /* Table.xcdatamodeld in Sources */,
				DF30D2D529D204430084CA66 /* SceneDelegate.swift in Sources */,
			);
			runOnlyForDeploymentPostprocessing = 0;
		};
		DF30D2E429D204450084CA66 /* Sources */ = {
			isa = PBXSourcesBuildPhase;
			buildActionMask = 2147483647;
			files = (
				DF30D2ED29D204450084CA66 /* TableTests.swift in Sources */,
			);
			runOnlyForDeploymentPostprocessing = 0;
		};
		DF30D2EE29D204450084CA66 /* Sources */ = {
			isa = PBXSourcesBuildPhase;
			buildActionMask = 2147483647;
			files = (
				DF30D2F729D204450084CA66 /* TableUITests.swift in Sources */,
				DF30D2F929D204450084CA66 /* TableUITestsLaunchTests.swift in Sources */,
			);
			runOnlyForDeploymentPostprocessing = 0;
		};
/* End PBXSourcesBuildPhase section */

/* Begin PBXTargetDependency section */
		DF30D2EA29D204450084CA66 /* PBXTargetDependency */ = {
			isa = PBXTargetDependency;
			target = DF30D2CE29D204430084CA66 /* Table */;
			targetProxy = DF30D2E929D204450084CA66 /* PBXContainerItemProxy */;
		};
		DF30D2F429D204450084CA66 /* PBXTargetDependency */ = {
			isa = PBXTargetDependency;
			target = DF30D2CE29D204430084CA66 /* Table */;
			targetProxy = DF30D2F329D204450084CA66 /* PBXContainerItemProxy */;
		};
/* End PBXTargetDependency section */

/* Begin PBXVariantGroup section */
		DF30D2D829D204430084CA66 /* Main.storyboard */ = {
			isa = PBXVariantGroup;
			children = (
				DF30D2D929D204430084CA66 /* Base */,
			);
			name = Main.storyboard;
			sourceTree = "<group>";
		};
		DF30D2E029D204450084CA66 /* LaunchScreen.storyboard */ = {
			isa = PBXVariantGroup;
			children = (
				DF30D2E129D204450084CA66 /* Base */,
			);
			name = LaunchScreen.storyboard;
			sourceTree = "<group>";
		};
/* End PBXVariantGroup section */

/* Begin XCBuildConfiguration section */
		DF30D2FA29D204450084CA66 /* Debug */ = {
			isa = XCBuildConfiguration;
			buildSettings = {
				ALWAYS_SEARCH_USER_PATHS = NO;
				CLANG_ANALYZER_NONNULL = YES;
				CLANG_ANALYZER_NUMBER_OBJECT_CONVERSION = YES_AGGRESSIVE;
				CLANG_CXX_LANGUAGE_STANDARD = "gnu++20";
				CLANG_ENABLE_MODULES = YES;
				CLANG_ENABLE_OBJC_ARC = YES;
				CLANG_ENABLE_OBJC_WEAK = YES;
				CLANG_WARN_BLOCK_CAPTURE_AUTORELEASING = YES;
				CLANG_WARN_BOOL_CONVERSION = YES;
				CLANG_WARN_COMMA = YES;
				CLANG_WARN_CONSTANT_CONVERSION = YES;
				CLANG_WARN_DEPRECATED_OBJC_IMPLEMENTATIONS = YES;
				CLANG_WARN_DIRECT_OBJC_ISA_USAGE = YES_ERROR;
				CLANG_WARN_DOCUMENTATION_COMMENTS = YES;
				CLANG_WARN_EMPTY_BODY = YES;
				CLANG_WARN_ENUM_CONVERSION = YES;
				CLANG_WARN_INFINITE_RECURSION = YES;
				CLANG_WARN_INT_CONVERSION = YES;
				CLANG_WARN_NON_LITERAL_NULL_CONVERSION = YES;
				CLANG_WARN_OBJC_IMPLICIT_RETAIN_SELF = YES;
				CLANG_WARN_OBJC_LITERAL_CONVERSION = YES;
				CLANG_WARN_OBJC_ROOT_CLASS = YES_ERROR;
				CLANG_WARN_QUOTED_INCLUDE_IN_FRAMEWORK_HEADER = YES;
				CLANG_WARN_RANGE_LOOP_ANALYSIS = YES;
				CLANG_WARN_STRICT_PROTOTYPES = YES;
				CLANG_WARN_SUSPICIOUS_MOVE = YES;
				CLANG_WARN_UNGUARDED_AVAILABILITY = YES_AGGRESSIVE;
				CLANG_WARN_UNREACHABLE_CODE = YES;
				CLANG_WARN__DUPLICATE_METHOD_MATCH = YES;
				COPY_PHASE_STRIP = NO;
				DEBUG_INFORMATION_FORMAT = dwarf;
				ENABLE_STRICT_OBJC_MSGSEND = YES;
				ENABLE_TESTABILITY = YES;
				GCC_C_LANGUAGE_STANDARD = gnu11;
				GCC_DYNAMIC_NO_PIC = NO;
				GCC_NO_COMMON_BLOCKS = YES;
				GCC_OPTIMIZATION_LEVEL = 0;
				GCC_PREPROCESSOR_DEFINITIONS = (
					"DEBUG=1",
					"$(inherited)",
				);
				GCC_WARN_64_TO_32_BIT_CONVERSION = YES;
				GCC_WARN_ABOUT_RETURN_TYPE = YES_ERROR;
				GCC_WARN_UNDECLARED_SELECTOR = YES;
				GCC_WARN_UNINITIALIZED_AUTOS = YES_AGGRESSIVE;
				GCC_WARN_UNUSED_FUNCTION = YES;
				GCC_WARN_UNUSED_VARIABLE = YES;
				IPHONEOS_DEPLOYMENT_TARGET = 16.2;
				MTL_ENABLE_DEBUG_INFO = INCLUDE_SOURCE;
				MTL_FAST_MATH = YES;
				ONLY_ACTIVE_ARCH = YES;
				SDKROOT = iphoneos;
				SWIFT_ACTIVE_COMPILATION_CONDITIONS = DEBUG;
				SWIFT_OPTIMIZATION_LEVEL = "-Onone";
			};
			name = Debug;
		};
		DF30D2FB29D204450084CA66 /* Release */ = {
			isa = XCBuildConfiguration;
			buildSettings = {
				ALWAYS_SEARCH_USER_PATHS = NO;
				CLANG_ANALYZER_NONNULL = YES;
				CLANG_ANALYZER_NUMBER_OBJECT_CONVERSION = YES_AGGRESSIVE;
				CLANG_CXX_LANGUAGE_STANDARD = "gnu++20";
				CLANG_ENABLE_MODULES = YES;
				CLANG_ENABLE_OBJC_ARC = YES;
				CLANG_ENABLE_OBJC_WEAK = YES;
				CLANG_WARN_BLOCK_CAPTURE_AUTORELEASING = YES;
				CLANG_WARN_BOOL_CONVERSION = YES;
				CLANG_WARN_COMMA = YES;
				CLANG_WARN_CONSTANT_CONVERSION = YES;
				CLANG_WARN_DEPRECATED_OBJC_IMPLEMENTATIONS = YES;
				CLANG_WARN_DIRECT_OBJC_ISA_USAGE = YES_ERROR;
				CLANG_WARN_DOCUMENTATION_COMMENTS = YES;
				CLANG_WARN_EMPTY_BODY = YES;
				CLANG_WARN_ENUM_CONVERSION = YES;
				CLANG_WARN_INFINITE_RECURSION = YES;
				CLANG_WARN_INT_CONVERSION = YES;
				CLANG_WARN_NON_LITERAL_NULL_CONVERSION = YES;
				CLANG_WARN_OBJC_IMPLICIT_RETAIN_SELF = YES;
				CLANG_WARN_OBJC_LITERAL_CONVERSION = YES;
				CLANG_WARN_OBJC_ROOT_CLASS = YES_ERROR;
				CLANG_WARN_QUOTED_INCLUDE_IN_FRAMEWORK_HEADER = YES;
				CLANG_WARN_RANGE_LOOP_ANALYSIS = YES;
				CLANG_WARN_STRICT_PROTOTYPES = YES;
				CLANG_WARN_SUSPICIOUS_MOVE = YES;
				CLANG_WARN_UNGUARDED_AVAILABILITY = YES_AGGRESSIVE;
				CLANG_WARN_UNREACHABLE_CODE = YES;
				CLANG_WARN__DUPLICATE_METHOD_MATCH = YES;
				COPY_PHASE_STRIP = NO;
				DEBUG_INFORMATION_FORMAT = "dwarf-with-dsym";
				ENABLE_NS_ASSERTIONS = NO;
				ENABLE_STRICT_OBJC_MSGSEND = YES;
				GCC_C_LANGUAGE_STANDARD = gnu11;
				GCC_NO_COMMON_BLOCKS = YES;
				GCC_WARN_64_TO_32_BIT_CONVERSION = YES;
				GCC_WARN_ABOUT_RETURN_TYPE = YES_ERROR;
				GCC_WARN_UNDECLARED_SELECTOR = YES;
				GCC_WARN_UNINITIALIZED_AUTOS = YES_AGGRESSIVE;
				GCC_WARN_UNUSED_FUNCTION = YES;
				GCC_WARN_UNUSED_VARIABLE = YES;
				IPHONEOS_DEPLOYMENT_TARGET = 16.2;
				MTL_ENABLE_DEBUG_INFO = NO;
				MTL_FAST_MATH = YES;
				SDKROOT = iphoneos;
				SWIFT_COMPILATION_MODE = wholemodule;
				SWIFT_OPTIMIZATION_LEVEL = "-O";
				VALIDATE_PRODUCT = YES;
			};
			name = Release;
		};
		DF30D2FD29D204450084CA66 /* Debug */ = {
			isa = XCBuildConfiguration;
			buildSettings = {
				ASSETCATALOG_COMPILER_APPICON_NAME = AppIcon;
				ASSETCATALOG_COMPILER_GLOBAL_ACCENT_COLOR_NAME = AccentColor;
				CODE_SIGN_STYLE = Automatic;
				CURRENT_PROJECT_VERSION = 1;
				GENERATE_INFOPLIST_FILE = YES;
				INFOPLIST_FILE = Table/Info.plist;
				INFOPLIST_KEY_UIApplicationSupportsIndirectInputEvents = YES;
				INFOPLIST_KEY_UILaunchStoryboardName = LaunchScreen;
				INFOPLIST_KEY_UIMainStoryboardFile = Main;
				INFOPLIST_KEY_UISupportedInterfaceOrientations_iPad = "UIInterfaceOrientationPortrait UIInterfaceOrientationPortraitUpsideDown UIInterfaceOrientationLandscapeLeft UIInterfaceOrientationLandscapeRight";
				INFOPLIST_KEY_UISupportedInterfaceOrientations_iPhone = "UIInterfaceOrientationPortrait UIInterfaceOrientationLandscapeLeft UIInterfaceOrientationLandscapeRight";
				LD_RUNPATH_SEARCH_PATHS = (
					"$(inherited)",
					"@executable_path/Frameworks",
				);
				MARKETING_VERSION = 1.0;
				PRODUCT_BUNDLE_IDENTIFIER = simple.Table;
				PRODUCT_NAME = "$(TARGET_NAME)";
				SWIFT_EMIT_LOC_STRINGS = YES;
				SWIFT_VERSION = 5.0;
				TARGETED_DEVICE_FAMILY = "1,2";
			};
			name = Debug;
		};
		DF30D2FE29D204450084CA66 /* Release */ = {
			isa = XCBuildConfiguration;
			buildSettings = {
				ASSETCATALOG_COMPILER_APPICON_NAME = AppIcon;
				ASSETCATALOG_COMPILER_GLOBAL_ACCENT_COLOR_NAME = AccentColor;
				CODE_SIGN_STYLE = Automatic;
				CURRENT_PROJECT_VERSION = 1;
				GENERATE_INFOPLIST_FILE = YES;
				INFOPLIST_FILE = Table/Info.plist;
				INFOPLIST_KEY_UIApplicationSupportsIndirectInputEvents = YES;
				INFOPLIST_KEY_UILaunchStoryboardName = LaunchScreen;
				INFOPLIST_KEY_UIMainStoryboardFile = Main;
				INFOPLIST_KEY_UISupportedInterfaceOrientations_iPad = "UIInterfaceOrientationPortrait UIInterfaceOrientationPortraitUpsideDown UIInterfaceOrientationLandscapeLeft UIInterfaceOrientationLandscapeRight";
				INFOPLIST_KEY_UISupportedInterfaceOrientations_iPhone = "UIInterfaceOrientationPortrait UIInterfaceOrientationLandscapeLeft UIInterfaceOrientationLandscapeRight";
				LD_RUNPATH_SEARCH_PATHS = (
					"$(inherited)",
					"@executable_path/Frameworks",
				);
				MARKETING_VERSION = 1.0;
				PRODUCT_BUNDLE_IDENTIFIER = simple.Table;
				PRODUCT_NAME = "$(TARGET_NAME)";
				SWIFT_EMIT_LOC_STRINGS = YES;
				SWIFT_VERSION = 5.0;
				TARGETED_DEVICE_FAMILY = "1,2";
			};
			name = Release;
		};
		DF30D30029D204450084CA66 /* Debug */ = {
			isa = XCBuildConfiguration;
			buildSettings = {
				ALWAYS_EMBED_SWIFT_STANDARD_LIBRARIES = YES;
				BUNDLE_LOADER = "$(TEST_HOST)";
				CODE_SIGN_STYLE = Automatic;
				CURRENT_PROJECT_VERSION = 1;
				GENERATE_INFOPLIST_FILE = YES;
				IPHONEOS_DEPLOYMENT_TARGET = 16.2;
				MARKETING_VERSION = 1.0;
				PRODUCT_BUNDLE_IDENTIFIER = simple.TableTests;
				PRODUCT_NAME = "$(TARGET_NAME)";
				SWIFT_EMIT_LOC_STRINGS = NO;
				SWIFT_VERSION = 5.0;
				TARGETED_DEVICE_FAMILY = "1,2";
				TEST_HOST = "$(BUILT_PRODUCTS_DIR)/Table.app/$(BUNDLE_EXECUTABLE_FOLDER_PATH)/Table";
			};
			name = Debug;
		};
		DF30D30129D204450084CA66 /* Release */ = {
			isa = XCBuildConfiguration;
			buildSettings = {
				ALWAYS_EMBED_SWIFT_STANDARD_LIBRARIES = YES;
				BUNDLE_LOADER = "$(TEST_HOST)";
				CODE_SIGN_STYLE = Automatic;
				CURRENT_PROJECT_VERSION = 1;
				GENERATE_INFOPLIST_FILE = YES;
				IPHONEOS_DEPLOYMENT_TARGET = 16.2;
				MARKETING_VERSION = 1.0;
				PRODUCT_BUNDLE_IDENTIFIER = simple.TableTests;
				PRODUCT_NAME = "$(TARGET_NAME)";
				SWIFT_EMIT_LOC_STRINGS = NO;
				SWIFT_VERSION = 5.0;
				TARGETED_DEVICE_FAMILY = "1,2";
				TEST_HOST = "$(BUILT_PRODUCTS_DIR)/Table.app/$(BUNDLE_EXECUTABLE_FOLDER_PATH)/Table";
			};
			name = Release;
		};
		DF30D30329D204450084CA66 /* Debug */ = {
			isa = XCBuildConfiguration;
			buildSettings = {
				ALWAYS_EMBED_SWIFT_STANDARD_LIBRARIES = YES;
				CODE_SIGN_STYLE = Automatic;
				CURRENT_PROJECT_VERSION = 1;
				GENERATE_INFOPLIST_FILE = YES;
				MARKETING_VERSION = 1.0;
				PRODUCT_BUNDLE_IDENTIFIER = simple.TableUITests;
				PRODUCT_NAME = "$(TARGET_NAME)";
				SWIFT_EMIT_LOC_STRINGS = NO;
				SWIFT_VERSION = 5.0;
				TARGETED_DEVICE_FAMILY = "1,2";
				TEST_TARGET_NAME = Table;
			};
			name = Debug;
		};
		DF30D30429D204450084CA66 /* Release */ = {
			isa = XCBuildConfiguration;
			buildSettings = {
				ALWAYS_EMBED_SWIFT_STANDARD_LIBRARIES = YES;
				CODE_SIGN_STYLE = Automatic;
				CURRENT_PROJECT_VERSION = 1;
				GENERATE_INFOPLIST_FILE = YES;
				MARKETING_VERSION = 1.0;
				PRODUCT_BUNDLE_IDENTIFIER = simple.TableUITests;
				PRODUCT_NAME = "$(TARGET_NAME)";
				SWIFT_EMIT_LOC_STRINGS = NO;
				SWIFT_VERSION = 5.0;
				TARGETED_DEVICE_FAMILY = "1,2";
				TEST_TARGET_NAME = Table;
			};
			name = Release;
		};
/* End XCBuildConfiguration section */

/* Begin XCConfigurationList section */
		DF30D2CA29D204430084CA66 /* Build configuration list for PBXProject "Table" */ = {
			isa = XCConfigurationList;
			buildConfigurations = (
				DF30D2FA29D204450084CA66 /* Debug */,
				DF30D2FB29D204450084CA66 /* Release */,
			);
			defaultConfigurationIsVisible = 0;
			defaultConfigurationName = Release;
		};
		DF30D2FC29D204450084CA66 /* Build configuration list for PBXNativeTarget "Table" */ = {
			isa = XCConfigurationList;
			buildConfigurations = (
				DF30D2FD29D204450084CA66 /* Debug */,
				DF30D2FE29D204450084CA66 /* Release */,
			);
			defaultConfigurationIsVisible = 0;
			defaultConfigurationName = Release;
		};
		DF30D2FF29D204450084CA66 /* Build configuration list for PBXNativeTarget "TableTests" */ = {
			isa = XCConfigurationList;
			buildConfigurations = (
				DF30D30029D204450084CA66 /* Debug */,
				DF30D30129D204450084CA66 /* Release */,
			);
			defaultConfigurationIsVisible = 0;
			defaultConfigurationName = Release;
		};
		DF30D30229D204450084CA66 /* Build configuration list for PBXNativeTarget "TableUITests" */ = {
			isa = XCConfigurationList;
			buildConfigurations = (
				DF30D30329D204450084CA66 /* Debug */,
				DF30D30429D204450084CA66 /* Release */,
			);
			defaultConfigurationIsVisible = 0;
			defaultConfigurationName = Release;
		};
/* End XCConfigurationList section */

/* Begin XCVersionGroup section */
		DF30D2DB29D204430084CA66 /* Table.xcdatamodeld */ = {
			isa = XCVersionGroup;
			children = (
				DF30D2DC29D204430084CA66 /* Table.xcdatamodel */,
			);
			currentVersion = DF30D2DC29D204430084CA66 /* Table.xcdatamodel */;
			path = Table.xcdatamodeld;
			sourceTree = "<group>";
			versionGroupType = wrapper.xcdatamodel;
		};
/* End XCVersionGroup section */
	};
	rootObject = DF30D2C729D204430084CA66 /* Project object */;
}
